
Microsoft Visual Studio Solution File, Format Version 12.00
# Visual Studio Version 17
VisualStudioVersion = 17.1.32421.90
MinimumVisualStudioVersion = 10.0.40219.1
Project("{FAE04EC0-301F-11D3-BF4B-00C04F79EFBC}") = "CrackingTheCodingInterview", "ConsoleApp1\CrackingTheCodingInterview.csproj", "{830FB54B-8BB6-433F-8D16-93AD50C61AA3}"
EndProject
Project("{9A19103F-16F7-4668-BE54-9A1E7A4F7556}") = "CrackingTheCodingInterview.Tests", "CrackingTheCodingInterview.Tests\CrackingTheCodingInterview.Tests.csproj", "{32FBCFE1-7C8B-4CC7-93F4-95195D6D6DA7}"
EndProject
Global
	GlobalSection(SolutionConfigurationPlatforms) = preSolution
		Debug|Any CPU = Debug|Any CPU
		Debug|x64 = Debug|x64
		Release|Any CPU = Release|Any CPU
		Release|x64 = Release|x64
	EndGlobalSection
	GlobalSection(ProjectConfigurationPlatforms) = postSolution
		{830FB54B-8BB6-433F-8D16-93AD50C61AA3}.Debug|Any CPU.ActiveCfg = Debug|Any CPU
		{830FB54B-8BB6-433F-8D16-93AD50C61AA3}.Debug|Any CPU.Build.0 = Debug|Any CPU
		{830FB54B-8BB6-433F-8D16-93AD50C61AA3}.Debug|x64.ActiveCfg = Debug|x64
		{830FB54B-8BB6-433F-8D16-93AD50C61AA3}.Debug|x64.Build.0 = Debug|x64
		{830FB54B-8BB6-433F-8D16-93AD50C61AA3}.Release|Any CPU.ActiveCfg = Release|Any CPU
		{830FB54B-8BB6-433F-8D16-93AD50C61AA3}.Release|Any CPU.Build.0 = Release|Any CPU
		{830FB54B-8BB6-433F-8D16-93AD50C61AA3}.Release|x64.ActiveCfg = Release|x64
		{830FB54B-8BB6-433F-8D16-93AD50C61AA3}.Release|x64.Build.0 = Release|x64
		{32FBCFE1-7C8B-4CC7-93F4-95195D6D6DA7}.Debug|Any CPU.ActiveCfg = Debug|Any CPU
		{32FBCFE1-7C8B-4CC7-93F4-95195D6D6DA7}.Debug|Any CPU.Build.0 = Debug|Any CPU
		{32FBCFE1-7C8B-4CC7-93F4-95195D6D6DA7}.Debug|x64.ActiveCfg = Debug|Any CPU
		{32FBCFE1-7C8B-4CC7-93F4-95195D6D6DA7}.Debug|x64.Build.0 = Debug|Any CPU
		{32FBCFE1-7C8B-4CC7-93F4-95195D6D6DA7}.Release|Any CPU.ActiveCfg = Release|Any CPU
		{32FBCFE1-7C8B-4CC7-93F4-95195D6D6DA7}.Release|Any CPU.Build.0 = Release|Any CPU
		{32FBCFE1-7C8B-4CC7-93F4-95195D6D6DA7}.Release|x64.ActiveCfg = Release|Any CPU
		{32FBCFE1-7C8B-4CC7-93F4-95195D6D6DA7}.Release|x64.Build.0 = Release|Any CPU
	EndGlobalSection
	GlobalSection(SolutionProperties) = preSolution
		HideSolutionNode = FALSE
	EndGlobalSection
	GlobalSection(ExtensibilityGlobals) = postSolution
		SolutionGuid = {14A045E7-CB9D-4771-998E-72F3A50FE7B0}
	EndGlobalSection
EndGlobal
